{
  "name": "formage",
  "version": "3.0.0",
  "dependencies": {
    "async": {
      "version": "0.9.0",
      "from": "async@0.9.0",
      "resolved": "http://registry.npmjs.org/async/-/async-0.9.0.tgz"
    },
    "cloudinary": {
      "version": "1.0.9",
      "from": "http://registry.npmjs.org/cloudinary/-/cloudinary-1.0.9.tgz",
      "resolved": "http://registry.npmjs.org/cloudinary/-/cloudinary-1.0.9.tgz",
      "dependencies": {
        "coffee-script": {
          "version": "1.7.1",
          "from": "coffee-script@1.7.1",
          "resolved": "http://registry.npmjs.org/coffee-script/-/coffee-script-1.7.1.tgz",
          "dependencies": {
            "mkdirp": {
              "version": "0.3.5",
              "from": "mkdirp@0.3.5",
              "resolved": "http://registry.npmjs.org/mkdirp/-/mkdirp-0.3.5.tgz"
            }
          }
        },
        "underscore": {
          "version": "1.4.4",
          "from": "underscore@1.4.4",
          "resolved": "http://registry.npmjs.org/underscore/-/underscore-1.4.4.tgz"
        }
      }
    },
    "connect-multiparty": {
      "version": "1.0.3",
      "from": "http://registry.npmjs.org/connect-multiparty/-/connect-multiparty-1.0.3.tgz",
      "resolved": "http://registry.npmjs.org/connect-multiparty/-/connect-multiparty-1.0.3.tgz",
      "dependencies": {
        "multiparty": {
          "version": "3.2.6",
          "from": "multiparty@3.2.6",
          "resolved": "http://registry.npmjs.org/multiparty/-/multiparty-3.2.6.tgz",
          "dependencies": {
            "readable-stream": {
              "version": "1.1.13-1",
              "from": "readable-stream@1.1.13-1",
              "resolved": "http://registry.npmjs.org/readable-stream/-/readable-stream-1.1.13-1.tgz",
              "dependencies": {
                "core-util-is": {
                  "version": "1.0.1",
                  "from": "core-util-is@~1.0.0",
                  "resolved": "http://registry.npmjs.org/core-util-is/-/core-util-is-1.0.1.tgz"
                },
                "isarray": {
                  "version": "0.0.1",
                  "from": "isarray@0.0.1",
                  "resolved": "http://registry.npmjs.org/isarray/-/isarray-0.0.1.tgz"
                },
                "string_decoder": {
                  "version": "0.10.25-1",
                  "from": "string_decoder@~0.10.x",
                  "resolved": "http://registry.npmjs.org/string_decoder/-/string_decoder-0.10.25-1.tgz"
                },
                "inherits": {
                  "version": "2.0.1",
                  "from": "inherits@~2.0.1",
                  "resolved": "http://registry.npmjs.org/inherits/-/inherits-2.0.1.tgz"
                }
              }
            },
            "stream-counter": {
              "version": "0.2.0",
              "from": "stream-counter@0.2.0",
              "resolved": "http://registry.npmjs.org/stream-counter/-/stream-counter-0.2.0.tgz"
            }
          }
        },
        "qs": {
          "version": "0.6.6",
          "from": "qs@0.6.6",
          "resolved": "http://registry.npmjs.org/qs/-/qs-0.6.6.tgz"
        }
      }
    },
    "debug": {
      "version": "0.8.1",
      "from": "debug@0.8.1",
      "resolved": "http://registry.npmjs.org/debug/-/debug-0.8.1.tgz"
    },
    "formage-mongoose-types": {
      "version": "1.0.1",
      "from": "formage-mongoose-types@1.0.1",
      "resolved": "http://registry.npmjs.org/formage-mongoose-types/-/formage-mongoose-types-1.0.1.tgz",
      "dependencies": {
        "lodash": {
          "version": "2.0.0",
          "from": "lodash@2.0.0",
          "resolved": "http://registry.npmjs.org/lodash/-/lodash-2.0.0.tgz"
        }
      }
    },
    "grist": {
      "version": "1.0.16",
      "from": "grist@1.0.16",
      "dependencies": {
        "safe": {
          "version": "0.1.4",
          "from": "safe@0.1.4",
          "resolved": "http://registry.npmjs.org/safe/-/safe-0.1.4.tgz"
        },
        "async": {
          "version": "0.2.10",
          "from": "https://registry.npmjs.org/async/-/async-0.2.10.tgz",
          "resolved": "https://registry.npmjs.org/async/-/async-0.2.10.tgz"
        },
        "sift": {
          "version": "0.0.12",
          "from": "sift@git://github.com/Empeeric/sift.js.git#40a480d277ed320985bd20c65627748d8719db7d",
          "resolved": "git://github.com/Empeeric/sift.js.git#40a480d277ed320985bd20c65627748d8719db7d"
        },
        "grist-gnash": {
          "version": "1.0.3",
          "from": "grist-gnash@1.0.3",
          "resolved": "http://registry.npmjs.org/grist-gnash/-/grist-gnash-1.0.3.tgz",
          "dependencies": {
            "sift": {
              "version": "0.0.16",
              "from": "http://registry.npmjs.org/sift/-/sift-0.0.16.tgz",
              "resolved": "http://registry.npmjs.org/sift/-/sift-0.0.16.tgz"
            }
          }
        },
        "git-node": {
          "version": "0.1.1",
          "from": "http://registry.npmjs.org/git-node/-/git-node-0.1.1.tgz",
          "resolved": "http://registry.npmjs.org/git-node/-/git-node-0.1.1.tgz",
          "dependencies": {
            "git-fs-db": {
              "version": "0.2.0",
              "from": "git-fs-db@0.2.0",
              "resolved": "http://registry.npmjs.org/git-fs-db/-/git-fs-db-0.2.0.tgz"
            },
            "git-net": {
              "version": "0.0.4",
              "from": "git-net@0.0.4",
              "resolved": "http://registry.npmjs.org/git-net/-/git-net-0.0.4.tgz",
              "dependencies": {
                "push-to-pull": {
                  "version": "0.1.0",
                  "from": "push-to-pull@0.1.0",
                  "resolved": "http://registry.npmjs.org/push-to-pull/-/push-to-pull-0.1.0.tgz"
                }
              }
            },
            "git-node-platform": {
              "version": "0.1.4",
              "from": "git-node-platform@0.1.4",
              "resolved": "http://registry.npmjs.org/git-node-platform/-/git-node-platform-0.1.4.tgz",
              "dependencies": {
                "ssh2": {
                  "version": "0.2.23",
                  "from": "http://registry.npmjs.org/ssh2/-/ssh2-0.2.23.tgz",
                  "resolved": "http://registry.npmjs.org/ssh2/-/ssh2-0.2.23.tgz",
                  "dependencies": {
                    "streamsearch": {
                      "version": "0.1.2",
                      "from": "http://registry.npmjs.org/streamsearch/-/streamsearch-0.1.2.tgz",
                      "resolved": "http://registry.npmjs.org/streamsearch/-/streamsearch-0.1.2.tgz"
                    },
                    "asn1": {
                      "version": "0.1.11",
                      "from": "https://registry.npmjs.org/asn1/-/asn1-0.1.11.tgz",
                      "resolved": "https://registry.npmjs.org/asn1/-/asn1-0.1.11.tgz"
                    }
                  }
                }
              }
            },
            "js-git": {
              "version": "0.5.4",
              "from": "js-git@0.5.4",
              "resolved": "http://registry.npmjs.org/js-git/-/js-git-0.5.4.tgz",
              "dependencies": {
                "push-to-pull": {
                  "version": "0.1.0",
                  "from": "push-to-pull@0.1.0",
                  "resolved": "http://registry.npmjs.org/push-to-pull/-/push-to-pull-0.1.0.tgz"
                },
                "git-pack-codec": {
                  "version": "0.0.1",
                  "from": "git-pack-codec@0.0.1",
                  "resolved": "http://registry.npmjs.org/git-pack-codec/-/git-pack-codec-0.0.1.tgz",
                  "dependencies": {
                    "varint": {
                      "version": "0.0.3",
                      "from": "http://registry.npmjs.org/varint/-/varint-0.0.3.tgz",
                      "resolved": "http://registry.npmjs.org/varint/-/varint-0.0.3.tgz"
                    }
                  }
                }
              }
            }
          }
        },
        "mquery": {
          "version": "0.8.0",
          "from": "http://registry.npmjs.org/mquery/-/mquery-0.8.0.tgz",
          "resolved": "http://registry.npmjs.org/mquery/-/mquery-0.8.0.tgz",
          "dependencies": {
            "sliced": {
              "version": "0.0.5",
              "from": "http://registry.npmjs.org/sliced/-/sliced-0.0.5.tgz",
              "resolved": "http://registry.npmjs.org/sliced/-/sliced-0.0.5.tgz"
            },
            "debug": {
              "version": "0.7.4",
              "from": "http://registry.npmjs.org/debug/-/debug-0.7.4.tgz",
              "resolved": "http://registry.npmjs.org/debug/-/debug-0.7.4.tgz"
            },
            "regexp-clone": {
              "version": "0.0.1",
              "from": "http://registry.npmjs.org/regexp-clone/-/regexp-clone-0.0.1.tgz",
              "resolved": "http://registry.npmjs.org/regexp-clone/-/regexp-clone-0.0.1.tgz"
            }
          }
        }
      }
    },
    "lodash": {
      "version": "2.4.1",
      "from": "lodash@2.4.1",
      "resolved": "http://registry.npmjs.org/lodash/-/lodash-2.4.1.tgz"
    },
    "lodash-contrib": {
      "version": "241.4.5",
      "from": "lodash-contrib@241.4.5"
    },
    "mpromise": {
      "version": "0.5.4",
      "from": "mpromise@0.5.4",
      "resolved": "http://registry.npmjs.org/mpromise/-/mpromise-0.5.4.tgz"
    },
    "node-ckeditor": {
      "version": "4.3.2",
      "from": "http://registry.npmjs.org/node-ckeditor/-/node-ckeditor-4.3.2.tgz",
      "resolved": "http://registry.npmjs.org/node-ckeditor/-/node-ckeditor-4.3.2.tgz"
    },
    "nodestrum": {
      "version": "0.10.0",
      "from": "nodestrum@0.10.0",
      "resolved": "http://registry.npmjs.org/nodestrum/-/nodestrum-0.10.0.tgz"
    },
    "socket.io": {
      "version": "0.9.16",
      "from": "http://registry.npmjs.org/socket.io/-/socket.io-0.9.16.tgz",
      "resolved": "http://registry.npmjs.org/socket.io/-/socket.io-0.9.16.tgz",
      "dependencies": {
        "socket.io-client": {
          "version": "0.9.16",
          "from": "http://registry.npmjs.org/socket.io-client/-/socket.io-client-0.9.16.tgz",
          "resolved": "http://registry.npmjs.org/socket.io-client/-/socket.io-client-0.9.16.tgz",
          "dependencies": {
            "uglify-js": {
              "version": "1.2.5",
              "from": "uglify-js@1.2.5",
              "resolved": "http://registry.npmjs.org/uglify-js/-/uglify-js-1.2.5.tgz"
            },
            "ws": {
              "version": "0.4.31",
              "from": "http://registry.npmjs.org/ws/-/ws-0.4.31.tgz",
              "resolved": "http://registry.npmjs.org/ws/-/ws-0.4.31.tgz",
              "dependencies": {
                "commander": {
                  "version": "0.6.1",
                  "from": "commander@0.6.1",
                  "resolved": "http://registry.npmjs.org/commander/-/commander-0.6.1.tgz"
                },
                "nan": {
                  "version": "0.3.2",
                  "from": "nan@0.3.2",
                  "resolved": "http://registry.npmjs.org/nan/-/nan-0.3.2.tgz"
                },
                "tinycolor": {
                  "version": "0.0.1",
                  "from": "http://registry.npmjs.org/tinycolor/-/tinycolor-0.0.1.tgz",
                  "resolved": "http://registry.npmjs.org/tinycolor/-/tinycolor-0.0.1.tgz"
                },
                "options": {
                  "version": "0.0.5",
                  "from": "http://registry.npmjs.org/options/-/options-0.0.5.tgz",
                  "resolved": "http://registry.npmjs.org/options/-/options-0.0.5.tgz"
                }
              }
            },
            "xmlhttprequest": {
              "version": "1.4.2",
              "from": "xmlhttprequest@1.4.2",
              "resolved": "http://registry.npmjs.org/xmlhttprequest/-/xmlhttprequest-1.4.2.tgz"
            },
            "active-x-obfuscator": {
              "version": "0.0.1",
              "from": "active-x-obfuscator@0.0.1",
              "resolved": "http://registry.npmjs.org/active-x-obfuscator/-/active-x-obfuscator-0.0.1.tgz",
              "dependencies": {
                "zeparser": {
                  "version": "0.0.5",
                  "from": "zeparser@0.0.5",
                  "resolved": "http://registry.npmjs.org/zeparser/-/zeparser-0.0.5.tgz"
                }
              }
            }
          }
        },
        "policyfile": {
          "version": "0.0.4",
          "from": "policyfile@0.0.4",
          "resolved": "http://registry.npmjs.org/policyfile/-/policyfile-0.0.4.tgz"
        },
        "base64id": {
          "version": "0.1.0",
          "from": "base64id@0.1.0",
          "resolved": "http://registry.npmjs.org/base64id/-/base64id-0.1.0.tgz"
        },
        "redis": {
          "version": "0.7.3",
          "from": "redis@0.7.3",
          "resolved": "http://registry.npmjs.org/redis/-/redis-0.7.3.tgz"
        }
      }
    }
  }
}
