{
  "name": "formage",
  "version": "2.5.8",
  "dependencies": {
    "lodash": {
      "version": "2.4.1",
      "from": "lodash@"
    },
    "lodash-contrib": {
      "version": "241.3.2",
      "from": "lodash-contrib@241.3.2",
      "resolved": "http://registry.npmjs.org/lodash-contrib/-/lodash-contrib-241.3.2.tgz"
    },
    "async": {
      "version": "0.2.10",
      "from": "async@0.2.10",
      "resolved": "http://registry.npmjs.org/async/-/async-0.2.10.tgz"
    },
    "cloudinary": {
      "version": "1.0.8",
      "from": "cloudinary@1.0.8",
      "dependencies": {
        "coffee-script": {
          "version": "1.4.0",
          "from": "coffee-script@1.4.0"
        },
        "underscore": {
          "version": "1.4.4",
          "from": "underscore@1.4.4"
        }
      }
    },
    "nodestrum": {
      "version": "0.7.1",
      "from": "nodestrum@0.7.1",
      "resolved": "https://registry.npmjs.org/nodestrum/-/nodestrum-0.7.1.tgz"
    },
    "node-ckeditor": {
      "version": "4.3.2",
      "from": "node-ckeditor@4.3.2",
      "resolved": "http://registry.npmjs.org/node-ckeditor/-/node-ckeditor-4.3.2.tgz"
    },
    "formage-mongoose-types": {
      "version": "1.0.1",
      "from": "formage-mongoose-types@",
      "dependencies": {
        "lodash": {
          "version": "2.0.0",
          "from": "lodash@2.0.0"
        }
      }
    },
    "mpromise": {
      "version": "0.5.1",
      "from": "mpromise@0.5.1",
      "resolved": "http://registry.npmjs.org/mpromise/-/mpromise-0.5.1.tgz"
    },
    "connect-multiparty": {
      "version": "1.0.3",
      "from": "connect-multiparty@1.0.3",
      "resolved": "http://registry.npmjs.org/connect-multiparty/-/connect-multiparty-1.0.3.tgz",
      "dependencies": {
        "multiparty": {
          "version": "3.2.3",
          "from": "multiparty@3.2.3",
          "resolved": "http://registry.npmjs.org/multiparty/-/multiparty-3.2.3.tgz",
          "dependencies": {
            "readable-stream": {
              "version": "1.1.11",
              "from": "readable-stream@1.1.11",
              "dependencies": {
                "core-util-is": {
                  "version": "1.0.1",
                  "from": "core-util-is@~1.0.0"
                },
                "string_decoder": {
                  "version": "0.10.25-1",
                  "from": "string_decoder@~0.10.x"
                },
                "debuglog": {
                  "version": "0.0.2",
                  "from": "debuglog@0.0.2"
                }
              }
            },
            "stream-counter": {
              "version": "0.2.0",
              "from": "stream-counter@~0.2.0",
              "dependencies": {
                "readable-stream": {
                  "version": "1.1.11",
                  "from": "readable-stream@1.1.11",
                  "dependencies": {
                    "core-util-is": {
                      "version": "1.0.1",
                      "from": "core-util-is@~1.0.0"
                    },
                    "string_decoder": {
                      "version": "0.10.25-1",
                      "from": "string_decoder@~0.10.x"
                    },
                    "debuglog": {
                      "version": "0.0.2",
                      "from": "debuglog@0.0.2"
                    }
                  }
                }
              }
            }
          }
        },
        "qs": {
          "version": "0.6.6",
          "from": "qs@~0.6.5"
        }
      }
    }
  }
}
